
Microsoft Visual Studio Solution File, Format Version 12.00
# Visual Studio Version 17
VisualStudioVersion = 17.8.34601.278
MinimumVisualStudioVersion = 10.0.40219.1
Project("{FAE04EC0-301F-11D3-BF4B-00C04F79EFBC}") = "To-do-List", "To-do-List\To-do-List.csproj", "{9AFBB214-D68A-4A8C-99E5-0A93054396B2}"
	ProjectSection(ProjectDependencies) = postProject
		{87755673-67C8-4ADB-A849-EA74669FDFD1} = {87755673-67C8-4ADB-A849-EA74669FDFD1}
		{8D9F4AEC-563C-47B4-B667-1FFEA29340BA} = {8D9F4AEC-563C-47B4-B667-1FFEA29340BA}
	EndProjectSection
EndProject
Project("{FAE04EC0-301F-11D3-BF4B-00C04F79EFBC}") = "Entidad", "Entidad\Entidad.csproj", "{8D9F4AEC-563C-47B4-B667-1FFEA29340BA}"
EndProject
Project("{FAE04EC0-301F-11D3-BF4B-00C04F79EFBC}") = "Negocio", "Negocio\Negocio.csproj", "{87755673-67C8-4ADB-A849-EA74669FDFD1}"
	ProjectSection(ProjectDependencies) = postProject
		{8D9F4AEC-563C-47B4-B667-1FFEA29340BA} = {8D9F4AEC-563C-47B4-B667-1FFEA29340BA}
	EndProjectSection
EndProject
Global
	GlobalSection(SolutionConfigurationPlatforms) = preSolution
		Debug|Any CPU = Debug|Any CPU
		Release|Any CPU = Release|Any CPU
	EndGlobalSection
	GlobalSection(ProjectConfigurationPlatforms) = postSolution
		{9AFBB214-D68A-4A8C-99E5-0A93054396B2}.Debug|Any CPU.ActiveCfg = Debug|Any CPU
		{9AFBB214-D68A-4A8C-99E5-0A93054396B2}.Debug|Any CPU.Build.0 = Debug|Any CPU
		{9AFBB214-D68A-4A8C-99E5-0A93054396B2}.Release|Any CPU.ActiveCfg = Release|Any CPU
		{9AFBB214-D68A-4A8C-99E5-0A93054396B2}.Release|Any CPU.Build.0 = Release|Any CPU
		{8D9F4AEC-563C-47B4-B667-1FFEA29340BA}.Debug|Any CPU.ActiveCfg = Debug|Any CPU
		{8D9F4AEC-563C-47B4-B667-1FFEA29340BA}.Debug|Any CPU.Build.0 = Debug|Any CPU
		{8D9F4AEC-563C-47B4-B667-1FFEA29340BA}.Release|Any CPU.ActiveCfg = Release|Any CPU
		{8D9F4AEC-563C-47B4-B667-1FFEA29340BA}.Release|Any CPU.Build.0 = Release|Any CPU
		{87755673-67C8-4ADB-A849-EA74669FDFD1}.Debug|Any CPU.ActiveCfg = Debug|Any CPU
		{87755673-67C8-4ADB-A849-EA74669FDFD1}.Debug|Any CPU.Build.0 = Debug|Any CPU
		{87755673-67C8-4ADB-A849-EA74669FDFD1}.Release|Any CPU.ActiveCfg = Release|Any CPU
		{87755673-67C8-4ADB-A849-EA74669FDFD1}.Release|Any CPU.Build.0 = Release|Any CPU
	EndGlobalSection
	GlobalSection(SolutionProperties) = preSolution
		HideSolutionNode = FALSE
	EndGlobalSection
	GlobalSection(ExtensibilityGlobals) = postSolution
		SolutionGuid = {303F2648-C347-47FC-A6EE-EDBF87156523}
	EndGlobalSection
EndGlobal
